{
    "name": "heritage-at-risk",
    "version": "1.0.0",
    "lockfileVersion": 3,
    "requires": true,
    "packages": {
        "": {
            "name": "heritage-at-risk",
            "version": "1.0.0",
            "dependencies": {
                "moment": "^2.30.1",
                "papaparse": "^5.4.1",
                "wikimedia-commons-file-path": "^1.2.0"
            }
        },
        "node_modules/blueimp-md5": {
            "version": "2.19.0",
            "resolved": "https://registry.npmjs.org/blueimp-md5/-/blueimp-md5-2.19.0.tgz",
            "integrity": "sha512-DRQrD6gJyy8FbiE4s+bDoXS9hiW3Vbx5uCdwvcCf3zLHL+Iv7LtGHLpr+GZV8rHG8tK766FGYBwRbu8pELTt+w=="
        },
        "node_modules/moment": {
            "version": "2.30.1",
            "resolved": "https://registry.npmjs.org/moment/-/moment-2.30.1.tgz",
            "integrity": "sha512-uEmtNhbDOrWPFS+hdjFCBfy9f2YoyzRpwcl+DqpC6taX21FzsTLQVbMV/W7PzNSX6x/bhC1zA3c2UQ5NzH6how==",
            "engines": {
                "node": "*"
            }
        },
        "node_modules/papaparse": {
            "version": "5.5.2",
            "resolved": "https://registry.npmjs.org/papaparse/-/papaparse-5.5.2.tgz",
            "integrity": "sha512-PZXg8UuAc4PcVwLosEEDYjPyfWnTEhOrUfdv+3Bx+NuAb+5NhDmXzg5fHWmdCh1mP5p7JAZfFr3IMQfcntNAdA=="
        },
        "node_modules/wikimedia-commons-file-path": {
            "version": "1.2.0",
            "resolved": "https://registry.npmjs.org/wikimedia-commons-file-path/-/wikimedia-commons-file-path-1.2.0.tgz",
            "integrity": "sha512-nUFMGHmZIUiat6YcX82SIUf7NRzYFCVw8UZSfH0XcUm+BF6+i8POj9C1idMj4OPTgc6ZtGhElDCS0ovphJXGaw==",
            "dependencies": {
                "blueimp-md5": "^2.10.0"
            }
        }
    }
}
